{
  "name": "base_flask",
  "lockfileVersion": 3,
  "requires": true,
  "packages": {
    "": {
      "dependencies": {
        "vue3-toastify": "^0.1.11"
      }
    },
    "node_modules/vue3-toastify": {
      "version": "0.1.11",
      "resolved": "https://registry.npmjs.org/vue3-toastify/-/vue3-toastify-0.1.11.tgz",
      "integrity": "sha512-xOghHidGEuzLaDp9yiCdEt53c02x16m3ai/G3vq9d7XST77YAaPk1p1D0DiTbbpYUvGQGC1SYA7e3Z9+IP3r6w==",
      "engines": {
        "node": ">=16",
        "npm": ">=7"
      },
      "peerDependencies": {
        "vue": ">=3.2.0"
      },
      "peerDependenciesMeta": {
        "vue": {
          "optional": true
        }
      }
    }
  }
}
